# This file is automatically @generated by Cargo.
# It is not intended for manual editing.
version = 4

[[package]]
name = "adler2"
version = "2.0.1"
source = "registry+https://github.com/rust-lang/crates.io-index"
checksum = "320119579fcad9c21884f5c4861d16174d0e06250625266f50fe6898340abefa"

[[package]]
name = "bitflags"
version = "2.10.0"
source = "registry+https://github.com/rust-lang/crates.io-index"
checksum = "812e12b5285cc515a9c72a5c1d3b6d46a19dac5acfef5265968c166106e31dd3"

[[package]]
name = "byteorder"
version = "1.5.0"
source = "registry+https://github.com/rust-lang/crates.io-index"
checksum = "1fd0f2584146f6f2ef48085050886acf353beff7305ebd1ae69500e27c67f64b"

[[package]]
name = "cfg-if"
version = "1.0.4"
source = "registry+https://github.com/rust-lang/crates.io-index"
checksum = "9330f8b2ff13f34540b44e946ef35111825727b38d33286ef986142615121801"

[[package]]
name = "crc32fast"
version = "1.5.0"
source = "registry+https://github.com/rust-lang/crates.io-index"
checksum = "9481c1c90cbf2ac953f07c8d4a58aa3945c425b7185c9154d67a65e4230da511"
dependencies = [
 "cfg-if",
]

[[package]]
name = "dff-meta"
version = "0.1.4"
source = "registry+https://github.com/rust-lang/crates.io-index"
checksum = "1642c0acdea3759f57de0abc51ffc2e11526bf2a77f5a551547d1257cb26e1d1"
dependencies = [
 "id3",
]

[[package]]
name = "dsd-reader"
version = "0.3.1"
dependencies = [
 "dff-meta",
 "dsf-meta",
 "id3",
 "log",
]

[[package]]
name = "dsf-meta"
version = "0.2.6"
source = "registry+https://github.com/rust-lang/crates.io-index"
checksum = "423eaa257135a9356aa28bbe4904dc1370d3b5cf065182bb495ad9d3f929553e"
dependencies = [
 "id3",
 "sampled_data_duration",
]

[[package]]
name = "flate2"
version = "1.1.5"
source = "registry+https://github.com/rust-lang/crates.io-index"
checksum = "bfe33edd8e85a12a67454e37f8c75e730830d83e313556ab9ebf9ee7fbeb3bfb"
dependencies = [
 "crc32fast",
 "miniz_oxide",
]

[[package]]
name = "id3"
version = "1.16.3"
source = "registry+https://github.com/rust-lang/crates.io-index"
checksum = "aadb14a5ba1a0d58ecd4a29bfc9b8f1d119eee24aa01a62c1ec93eb9630a1d86"
dependencies = [
 "bitflags",
 "byteorder",
 "flate2",
]

[[package]]
name = "log"
version = "0.4.28"
source = "registry+https://github.com/rust-lang/crates.io-index"
checksum = "34080505efa8e45a4b816c349525ebe327ceaa8559756f0356cba97ef3bf7432"

[[package]]
name = "miniz_oxide"
version = "0.8.9"
source = "registry+https://github.com/rust-lang/crates.io-index"
checksum = "1fa76a2c86f704bdb222d66965fb3d63269ce38518b83cb0575fca855ebb6316"
dependencies = [
 "adler2",
 "simd-adler32",
]

[[package]]
name = "sampled_data_duration"
version = "0.3.1"
source = "registry+https://github.com/rust-lang/crates.io-index"
checksum = "a1c52ae966a8693b8d564a1dee9f2139907c9e375ee9544276bf61b5d97841ce"

[[package]]
name = "simd-adler32"
version = "0.3.7"
source = "registry+https://github.com/rust-lang/crates.io-index"
checksum = "d66dc143e6b11c1eddc06d5c423cfc97062865baf299914ab64caa38182078fe"
